{
  "version": 4,
  "terraform_version": "0.12.13",
  "serial": 11,
  "lineage": "da9e813e-bc33-e1b1-70a3-ec29d89425b3",
  "outputs": {},
  "resources": [
    {
      "mode": "managed",
      "type": "github_repository_deploy_key",
      "name": "key",
      "provider": "provider.github",
      "instances": [
        {
          "schema_version": 0,
          "attributes": {
            "etag": "W/\"0d4115cfeb32c87a07dabcf17225e454\"",
            "id": "terraform-presentation:39463305",
            "key": "ssh-rsa AAAAB3NzaC1yc2EAAAADAQABAAABAQDyCTM+HXuwWOm2FllAcJIfikiMyH/5vcuNM1WvnFZFTYPTKrAnRgPQhq8GT9Xil9Tc191J2W69NpLstSGCWNWAUAHadxTegj/YDJpJAJ8TyMu4Z3TKciDFhtlflLrNUPyxZeGtSMDoKJhxMtccpxDrYVU+rnfyH9Tb0Qwj2OpiHiCtCl3cFCwWjhkHse8IVhCh8kcD5/HkaRdXK7NRJVAnfbAm5V/hTjiavuVwNvuQ17a0eg4mYGBRzCzQFPvXgAP1U/btNxtvoOsawqiW5q8xYJlFeU+Kv+NLSmJ3bFNp7PFbENJ2xMMnLdb/lzgZzShpISAPRBQE5tpxS4kiuISh",
            "read_only": false,
            "repository": "terraform-presentation",
            "title": "Netlify"
          },
          "private": "bnVsbA==",
          "depends_on": [
            "netlify_deploy_key.key"
          ]
        }
      ]
    },
    {
      "mode": "managed",
      "type": "github_repository_webhook",
      "name": "webhook",
      "provider": "provider.github",
      "instances": [
        {
          "schema_version": 1,
          "attributes": {
            "active": true,
            "configuration": [
              {
                "content_type": "json",
                "insecure_ssl": "0",
                "secret": "",
                "url": "https://api.netlify.com/hooks/github"
              }
            ],
            "etag": null,
            "events": [
              "delete",
              "pull_request",
              "push"
            ],
            "id": "163774399",
            "name": null,
            "repository": "terraform-presentation",
            "url": "https://api.github.com/repos/marmorag/terraform-presentation/hooks/163774399"
          },
          "private": "eyJzY2hlbWFfdmVyc2lvbiI6IjEifQ==",
          "depends_on": [
            "netlify_site.tf-presentation"
          ]
        }
      ]
    },
    {
      "mode": "managed",
      "type": "netlify_deploy_key",
      "name": "key",
      "provider": "provider.netlify",
      "instances": [
        {
          "schema_version": 0,
          "attributes": {
            "id": "5de8565eeebb8f80d881d379",
            "public_key": "ssh-rsa AAAAB3NzaC1yc2EAAAADAQABAAABAQDyCTM+HXuwWOm2FllAcJIfikiMyH/5vcuNM1WvnFZFTYPTKrAnRgPQhq8GT9Xil9Tc191J2W69NpLstSGCWNWAUAHadxTegj/YDJpJAJ8TyMu4Z3TKciDFhtlflLrNUPyxZeGtSMDoKJhxMtccpxDrYVU+rnfyH9Tb0Qwj2OpiHiCtCl3cFCwWjhkHse8IVhCh8kcD5/HkaRdXK7NRJVAnfbAm5V/hTjiavuVwNvuQ17a0eg4mYGBRzCzQFPvXgAP1U/btNxtvoOsawqiW5q8xYJlFeU+Kv+NLSmJ3bFNp7PFbENJ2xMMnLdb/lzgZzShpISAPRBQE5tpxS4kiuISh"
          },
          "private": "bnVsbA=="
        }
      ]
    },
    {
      "mode": "managed",
      "type": "netlify_site",
      "name": "tf-presentation",
      "provider": "provider.netlify",
      "instances": [
        {
          "schema_version": 0,
          "attributes": {
            "custom_domain": "",
            "deploy_url": "http://5de8565ec4845178ef48e635.tf-presentation.netlify.com",
            "id": "337a3d85-2ef3-4de5-8fe8-c71ecd3aec4c",
            "name": "tf-presentation",
            "repo": [
              {
                "command": "yarn build",
                "deploy_key_id": "5de8565eeebb8f80d881d379",
                "dir": "public",
                "provider": "github",
                "repo_branch": "master",
                "repo_path": "marmorag/terraform-presentation"
              }
            ]
          },
          "private": "bnVsbA==",
          "depends_on": [
            "netlify_deploy_key.key"
          ]
        }
      ]
    }
  ]
}
